
Microsoft Visual Studio Solution File, Format Version 12.00
# Visual Studio Version 16
VisualStudioVersion = 16.0.810.18
MinimumVisualStudioVersion = 10.0.40219.1
Project("{FAE04EC0-301F-11D3-BF4B-00C04F79EFBC}") = "MovieCharacterAPI", "MovieCharacterAPI.csproj", "{33E3DA4E-B31E-4F92-8551-7125CC2A3E3C}"
EndProject
Global
	GlobalSection(SolutionConfigurationPlatforms) = preSolution
		Debug|Any CPU = Debug|Any CPU
		Release|Any CPU = Release|Any CPU
	EndGlobalSection
	GlobalSection(ProjectConfigurationPlatforms) = postSolution
		{33E3DA4E-B31E-4F92-8551-7125CC2A3E3C}.Debug|Any CPU.ActiveCfg = Debug|Any CPU
		{33E3DA4E-B31E-4F92-8551-7125CC2A3E3C}.Debug|Any CPU.Build.0 = Debug|Any CPU
		{33E3DA4E-B31E-4F92-8551-7125CC2A3E3C}.Release|Any CPU.ActiveCfg = Release|Any CPU
		{33E3DA4E-B31E-4F92-8551-7125CC2A3E3C}.Release|Any CPU.Build.0 = Release|Any CPU
	EndGlobalSection
	GlobalSection(SolutionProperties) = preSolution
		HideSolutionNode = FALSE
	EndGlobalSection
	GlobalSection(ExtensibilityGlobals) = postSolution
		SolutionGuid = {FBD18BC3-87CE-4A5D-B872-B2FE8C9B0265}
	EndGlobalSection
EndGlobal
